github.com/containerd/console v1.0.3 h1:lIr7SlA5PxZyMV30bDW0MGbiOPXwc63yRuCP0ARubLw=
github.com/containerd/console v1.0.3/go.mod h1:7LqA/THxQ86k76b8c/EMSiaJ3h1eZkMkXar0TQ1gf3U=
github.com/cpuguy83/go-md2man/v2 v2.0.2 h1:p1EgwI/C7NhT0JmVkwCD2ZBK8j4aeHQX2pMHHBfMQ6w=
github.com/cpuguy83/go-md2man/v2 v2.0.2/go.mod h1:tgQtvFlXSQOSOSIRvRPT7W67SCa46tRHOmNcaadrF8o=
github.com/inconshreveable/mousetrap v1.0.0 h1:Z8tu5sraLXCXIcARxBp/8cbvlwVa7Z1NHg9XEKhtSvM=
github.com/inconshreveable/mousetrap v1.0.0/go.mod h1:PxqpIevigyE2G7u3NXJIT2ANytuPF1OarO4DADm73n8=
github.com/kuttiproject/driver-hyperv v0.2.0 h1:ExSKevBrzaSGmNJPUwXLBkHDgNYhU+JibHEProkeh2I=
github.com/kuttiproject/driver-hyperv v0.2.0/go.mod h1:GwpWGMa9pc8R8vQvd5OSRPfdnoFov5YIwXGWkxkwqxs=
github.com/kuttiproject/driver-vbox v0.3.3 h1:Vx1DvfiiMNoz5XWuaEiHkN6zH7s0L4+OxKfRj5xwFqs=
github.com/kuttiproject/driver-vbox v0.3.3/go.mod h1:GUPrsChgtD9Jd0J7P0QMMzL5HolG4wFhONi2UqIaxRs=
github.com/kuttiproject/drivercore v0.3.0 h1:ZJK1fR4Hn8KB6D1vW2Y15FTRsW4o4188hVn7WDmC/zI=
github.com/kuttiproject/drivercore v0.3.0/go.mod h1:C4dSquHuWTbk9ITzaIZrswnw/TsqmOCkButTCk2LLbE=
github.com/kuttiproject/kuttilib v0.4.3 h1:pBiJOrFHuohbokhMKGHV/vORP1EHi5CWavRaW6VPXqk=
github.com/kuttiproject/kuttilib v0.4.3/go.mod h1:vrJMY2K9D48qlc+2O5d9K6ETw1hn3h6lsgaqZdC0jm4=
github.com/kuttiproject/kuttilog v0.2.0 h1:rhgqjEIX7HAGOeqyAse0Ey+thfDu/Tefvs4zV7VuPYw=
github.com/kuttiproject/kuttilog v0.2.0/go.mod h1:VWyFjqLHbs2QzqPIB2rM/7GIgoH5zD5oopbkVuiG3VI=
github.com/kuttiproject/sshclient v0.2.0 h1:QIgXcuXmowTDt3Z2PnDVUTMTILdB69OfVC7OErPDMhM=
github.com/kuttiproject/sshclient v0.2.0/go.mod h1:4aiAtz9rvG0pdvTSKBqp/FYHX2ArmEYYbnFrUSu/UCM=
github.com/kuttiproject/workspace v0.3.0 h1:cJJU75hrkgofHIJ6W/6FLRstqg87uRfZTwvpmBdWFQI=
github.com/kuttiproject/workspace v0.3.0/go.mod h1:aoRJQEFz46NvnLLo86d6qkWYvkWPC6a8I9uiQWxdxE8=
github.com/povsister/scp v0.0.0-20210427074412-33febfd9f13e h1:VtsDti2SgX7M7jy0QAyGgb162PeHLrOaNxmcYOtaGsY=
github.com/povsister/scp v0.0.0-20210427074412-33febfd9f13e/go.mod h1:i1Au86ZXK0ZalQNyBp2njCcyhSCR/QP/AMfILip+zNI=
github.com/russross/blackfriday/v2 v2.1.0 h1:JIOH55/0cWyOuilr9/qlrm0BSXldqnqwMsf35Ld67mk=
github.com/russross/blackfriday/v2 v2.1.0/go.mod h1:+Rmxgy9KzJVeS9/2gXHxylqXiyQDYRxCVz55jmeOWTM=
github.com/spf13/cobra v1.5.0 h1:X+jTBEBqF0bHN+9cSMgmfuvv2VHJ9ezmFNf9Y/XstYU=
github.com/spf13/cobra v1.5.0/go.mod h1:dWXEIy2H428czQCjInthrTRUg7yKbok+2Qi/yBIJoUM=
github.com/spf13/pflag v1.0.5 h1:iy+VFUOCP1a+8yFto/drg2CJ5u0yRoB7fZw3DKv/JXA=
github.com/spf13/pflag v1.0.5/go.mod h1:McXfInJRrz4CZXVZOBLb0bTZqETkiAhM9Iw0y3An2Bg=
golang.org/x/crypto v0.0.0-20210322153248-0c34fe9e7dc2/go.mod h1:T9bdIzuCu7OtxOm1hfPfRQxPLYneinmdGuTeoZ9dtd4=
golang.org/x/crypto v0.0.0-20220622213112-05595931fe9d h1:sK3txAijHtOK88l68nt020reeT1ZdKLIYetKl95FzVY=
golang.org/x/crypto v0.0.0-20220622213112-05595931fe9d/go.mod h1:IxCIyHEi3zRg3s0A5j5BB6A9Jmi73HwBIUl50j+osU4=
golang.org/x/net v0.0.0-20210226172049-e18ecbb05110/go.mod h1:m0MpNAwzfU5UDzcl9v0D8zg8gWTRqZa9RBIspLL5mdg=
golang.org/x/sys v0.0.0-20201119102817-f84b799fce68/go.mod h1:h1NjWce9XRLGQEsW7wpKNCjG9DtNlClVuFLEZdDNbEs=
golang.org/x/sys v0.0.0-20210124154548-22da62e12c0c/go.mod h1:h1NjWce9XRLGQEsW7wpKNCjG9DtNlClVuFLEZdDNbEs=
golang.org/x/sys v0.0.0-20220715151400-c0bba94af5f8 h1:0A+M6Uqn+Eje4kHMK80dtF3JCXC4ykBgQG4Fe06QRhQ=
golang.org/x/sys v0.0.0-20220715151400-c0bba94af5f8/go.mod h1:oPkhp1MJrh7nUepCBck5+mAzfO9JrbApNNgaTdGDITg=
golang.org/x/term v0.0.0-20201126162022-7de9c90e9dd1 h1:v+OssWQX+hTHEmOBgwxdZxK4zHq3yOs8F9J7mk0PY8E=
golang.org/x/term v0.0.0-20201126162022-7de9c90e9dd1/go.mod h1:bj7SfCRtBDWHUb9snDiAeCFNEtKQo2Wmx5Cou7ajbmo=
golang.org/x/text v0.3.3/go.mod h1:5Zoc/QRtKVWzQhOtBMvqHzDpF6irO9z98xDceosuGiQ=
golang.org/x/tools v0.0.0-20180917221912-90fa682c2a6e/go.mod h1:n7NCudcB/nEzxVGmLbDWY5pfWTLqBcC2KZ6jyYvM4mQ=
gopkg.in/check.v1 v0.0.0-20161208181325-20d25e280405 h1:yhCVgyC4o1eVCa2tZl7eS0r+SDo693bJlVdllGtEeKM=
gopkg.in/check.v1 v0.0.0-20161208181325-20d25e280405/go.mod h1:Co6ibVJAznAaIkqp8huTwlJQCZ016jof/cbN4VW5Yz0=
gopkg.in/yaml.v2 v2.4.0 h1:D8xgwECY7CYvx+Y2n4sBz93Jn9JRvxdiyyo8CTfuKaY=
gopkg.in/yaml.v2 v2.4.0/go.mod h1:RDklbk79AGWmwhnvt/jBztapEOGDOx6ZbXqjP6csGnQ=
