github.com/containerd/console v1.0.3 h1:lIr7SlA5PxZyMV30bDW0MGbiOPXwc63yRuCP0ARubLw=
github.com/containerd/console v1.0.3/go.mod h1:7LqA/THxQ86k76b8c/EMSiaJ3h1eZkMkXar0TQ1gf3U=
github.com/cpuguy83/go-md2man/v2 v2.0.1/go.mod h1:tgQtvFlXSQOSOSIRvRPT7W67SCa46tRHOmNcaadrF8o=
github.com/inconshreveable/mousetrap v1.0.0 h1:Z8tu5sraLXCXIcARxBp/8cbvlwVa7Z1NHg9XEKhtSvM=
github.com/inconshreveable/mousetrap v1.0.0/go.mod h1:PxqpIevigyE2G7u3NXJIT2ANytuPF1OarO4DADm73n8=
github.com/kuttiproject/driver-hyperv v0.1.2 h1:Hr9BEqzhfKcg8pKpqEDOvVDZ1JHDH5u7F83fwZ0D6Ys=
github.com/kuttiproject/driver-hyperv v0.1.2/go.mod h1:k9YPTJ6+NhvTCZLhy9rY2d3xvL4UjIwrpQz7j4XP6kU=
github.com/kuttiproject/driver-vbox v0.3.2 h1:olH99w2fISYwRtDiBiuoLgosxZyY/ntUdKsh1JHPh00=
github.com/kuttiproject/driver-vbox v0.3.2/go.mod h1:Pq+x/Q0+9i6mbuYIfICoyztrjzvC2Yh5qc6WTZqqzZk=
github.com/kuttiproject/drivercore v0.2.0 h1:RZI/azMsyI8gPidXzHPcZXqajHPdq+zaRg3W4x9ASC0=
github.com/kuttiproject/drivercore v0.2.0/go.mod h1:1C1TMGfQ4u/5ltHUtl4hL7gYzXZyZQVhkOha4GuOzk0=
github.com/kuttiproject/kuttilib v0.4.2 h1:0f6a9vPXGeZOqYwaitwkCpWiwt9nBFCEzOHRkc5qGP4=
github.com/kuttiproject/kuttilib v0.4.2/go.mod h1:Dcz7SVsJeFW0so4+0DPeKBG/N0pcCEJsT8CPSRm+apc=
github.com/kuttiproject/kuttilog v0.1.2 h1:VEqVWrR3M6RME6aoUuVwXNO3bRpHKNp0ISAP/vqncpg=
github.com/kuttiproject/kuttilog v0.1.2/go.mod h1:OO3dHpXm1/Pjlc57R4c0e/C+ZWkYlY3Fd9Ikn8xPXi4=
github.com/kuttiproject/sshclient v0.1.0 h1:XOIggnYfQGEskxarol94N6d0gssBo1weknfJg0m0vz4=
github.com/kuttiproject/sshclient v0.1.0/go.mod h1:AXQNkcBUFszDQ1a0TZyTq4NK8o/e1KgMa/QfGnUYVvM=
github.com/kuttiproject/workspace v0.2.2 h1:1eNdMooB6Oq7jq2wodbuaY+IVZSYcEuXnqY3e00s64Y=
github.com/kuttiproject/workspace v0.2.2/go.mod h1:Z4wwYslirpVHP4TTqrEX3yh/sGdinHSWa3lcMdAVPt8=
github.com/povsister/scp v0.0.0-20210427074412-33febfd9f13e h1:VtsDti2SgX7M7jy0QAyGgb162PeHLrOaNxmcYOtaGsY=
github.com/povsister/scp v0.0.0-20210427074412-33febfd9f13e/go.mod h1:i1Au86ZXK0ZalQNyBp2njCcyhSCR/QP/AMfILip+zNI=
github.com/russross/blackfriday/v2 v2.1.0/go.mod h1:+Rmxgy9KzJVeS9/2gXHxylqXiyQDYRxCVz55jmeOWTM=
github.com/spf13/cobra v1.4.0 h1:y+wJpx64xcgO1V+RcnwW0LEHxTKRi2ZDPSBjWnrg88Q=
github.com/spf13/cobra v1.4.0/go.mod h1:Wo4iy3BUC+X2Fybo0PDqwJIv3dNRiZLHQymsfxlB84g=
github.com/spf13/pflag v1.0.5 h1:iy+VFUOCP1a+8yFto/drg2CJ5u0yRoB7fZw3DKv/JXA=
github.com/spf13/pflag v1.0.5/go.mod h1:McXfInJRrz4CZXVZOBLb0bTZqETkiAhM9Iw0y3An2Bg=
golang.org/x/crypto v0.0.0-20210322153248-0c34fe9e7dc2/go.mod h1:T9bdIzuCu7OtxOm1hfPfRQxPLYneinmdGuTeoZ9dtd4=
golang.org/x/crypto v0.0.0-20220518034528-6f7dac969898/go.mod h1:IxCIyHEi3zRg3s0A5j5BB6A9Jmi73HwBIUl50j+osU4=
golang.org/x/crypto v0.0.0-20220525230936-793ad666bf5e h1:T8NU3HyQ8ClP4SEE+KbFlg6n0NhuTsN4MyznaarGsZM=
golang.org/x/crypto v0.0.0-20220525230936-793ad666bf5e/go.mod h1:IxCIyHEi3zRg3s0A5j5BB6A9Jmi73HwBIUl50j+osU4=
golang.org/x/net v0.0.0-20210226172049-e18ecbb05110/go.mod h1:m0MpNAwzfU5UDzcl9v0D8zg8gWTRqZa9RBIspLL5mdg=
golang.org/x/net v0.0.0-20211112202133-69e39bad7dc2/go.mod h1:9nx3DQGgdP8bBQD5qxJ1jj9UTztislL4KSBs9R2vV5Y=
golang.org/x/sys v0.0.0-20201119102817-f84b799fce68/go.mod h1:h1NjWce9XRLGQEsW7wpKNCjG9DtNlClVuFLEZdDNbEs=
golang.org/x/sys v0.0.0-20210124154548-22da62e12c0c/go.mod h1:h1NjWce9XRLGQEsW7wpKNCjG9DtNlClVuFLEZdDNbEs=
golang.org/x/sys v0.0.0-20210423082822-04245dca01da/go.mod h1:h1NjWce9XRLGQEsW7wpKNCjG9DtNlClVuFLEZdDNbEs=
golang.org/x/sys v0.0.0-20210615035016-665e8c7367d1/go.mod h1:oPkhp1MJrh7nUepCBck5+mAzfO9JrbApNNgaTdGDITg=
golang.org/x/sys v0.0.0-20220520151302-bc2c85ada10a h1:dGzPydgVsqGcTRVwiLJ1jVbufYwmzD3LfVPLKsKg+0k=
golang.org/x/sys v0.0.0-20220520151302-bc2c85ada10a/go.mod h1:oPkhp1MJrh7nUepCBck5+mAzfO9JrbApNNgaTdGDITg=
golang.org/x/term v0.0.0-20201126162022-7de9c90e9dd1 h1:v+OssWQX+hTHEmOBgwxdZxK4zHq3yOs8F9J7mk0PY8E=
golang.org/x/term v0.0.0-20201126162022-7de9c90e9dd1/go.mod h1:bj7SfCRtBDWHUb9snDiAeCFNEtKQo2Wmx5Cou7ajbmo=
golang.org/x/text v0.3.3/go.mod h1:5Zoc/QRtKVWzQhOtBMvqHzDpF6irO9z98xDceosuGiQ=
golang.org/x/text v0.3.6/go.mod h1:5Zoc/QRtKVWzQhOtBMvqHzDpF6irO9z98xDceosuGiQ=
golang.org/x/tools v0.0.0-20180917221912-90fa682c2a6e/go.mod h1:n7NCudcB/nEzxVGmLbDWY5pfWTLqBcC2KZ6jyYvM4mQ=
gopkg.in/check.v1 v0.0.0-20161208181325-20d25e280405/go.mod h1:Co6ibVJAznAaIkqp8huTwlJQCZ016jof/cbN4VW5Yz0=
gopkg.in/yaml.v2 v2.4.0/go.mod h1:RDklbk79AGWmwhnvt/jBztapEOGDOx6ZbXqjP6csGnQ=
