github.com/containerd/console v1.0.5 h1:R0ymNeydRqH2DmakFNdmjR2k0t7UPuiOV/N/27/qqsc=
github.com/containerd/console v1.0.5/go.mod h1:YynlIjWYF8myEu6sdkwKIvGQq+cOckRm6So2avqoYAk=
github.com/cpuguy83/go-md2man/v2 v2.0.6/go.mod h1:oOW0eioCTA6cOiMLiUPZOpcVxMig6NIQQ7OS05n1F4g=
github.com/cpuguy83/go-md2man/v2 v2.0.7 h1:zbFlGlXEAKlwXpmvle3d8Oe3YnkKIK4xSRTd3sHPnBo=
github.com/cpuguy83/go-md2man/v2 v2.0.7/go.mod h1:oOW0eioCTA6cOiMLiUPZOpcVxMig6NIQQ7OS05n1F4g=
github.com/inconshreveable/mousetrap v1.1.0 h1:wN+x4NVGpMsO7ErUn/mUI3vEoE6Jt13X2s0bqwp9tc8=
github.com/inconshreveable/mousetrap v1.1.0/go.mod h1:vpF70FUmC8bwa3OWnCshd2FqLfsEA9PFc4w1p2J65bw=
github.com/kuttiproject/driver-hyperv v0.2.1 h1:hmqNQW4EkEOKt+NV8YERtyMDikGOM5+TRBxW/qSo560=
github.com/kuttiproject/driver-hyperv v0.2.1/go.mod h1:TuEjY3DvqvAIeiUuqo0zPcwEHOpcvQi6uMyy0okp0gs=
github.com/kuttiproject/driver-lima v0.1.0 h1:20qj8ttmojrUGyR5jbNjldk2BJk6o7l1IxaRBLgRwZw=
github.com/kuttiproject/driver-lima v0.1.0/go.mod h1:z/ib289XLBevesgE1uwvFPf39BuWcYZk+STDshgilZM=
github.com/kuttiproject/driver-vbox v0.4.0 h1:dC7AbRS7RxNj1KkdDqj5A6KcmflfJ0cD1sS6HIcsu5Q=
github.com/kuttiproject/driver-vbox v0.4.0/go.mod h1:zrme/jMS0wQh9O95FUId0J2HJNUIFKNpHocT0F/zKM4=
github.com/kuttiproject/drivercore v0.3.1 h1:2AV16YAkTVzot07HRCgL3TRdaUdPYmcnFnH6OONvduI=
github.com/kuttiproject/drivercore v0.3.1/go.mod h1:TCr2la1NTL2JA/gbxwyAYA9AXVFsSTVLYhIt03HM6gY=
github.com/kuttiproject/kuttilib v0.5.0 h1:Pdmo86Cz25EkFBCkbhRwyuJ47G6g9XSg/9mauaFrVJM=
github.com/kuttiproject/kuttilib v0.5.0/go.mod h1:gvWl9YnGo7+jM04zkdwUdNcp0OdKacuS+Xw7x3qGW+Y=
github.com/kuttiproject/kuttilog v0.2.1 h1:7UbyfX8Gxcc89093G9EJO9+35My2ta2phivPOLquqWA=
github.com/kuttiproject/kuttilog v0.2.1/go.mod h1:0vqZ0dekSN6X4Adrmbwaliv1QuogyzjsHHyjBApq6gY=
github.com/kuttiproject/sshclient v0.2.1 h1:z6xzxMHR3Ze5epkIzJ/I+DtEm3xiZajfdRSzlI+8kXk=
github.com/kuttiproject/sshclient v0.2.1/go.mod h1:d5OaUIgsKsEpPomKTXEltL8nLHSNJxD7u4n1t9HByWc=
github.com/kuttiproject/workspace v0.3.1 h1:nf7WqlocjlkY5RPgYT1jA3rwANQacCaOiB7XoghTfG8=
github.com/kuttiproject/workspace v0.3.1/go.mod h1:txrF8EuDRTrujaGnEGbEN39saydwmS6VzEn8q1aQpio=
github.com/pkg/errors v0.9.1 h1:FEBLx1zS214owpjy7qsBeixbURkuhQAwrK5UwLGTwt4=
github.com/pkg/errors v0.9.1/go.mod h1:bwawxfHBFNV+L2hUp1rHADufV3IMtnDRdf1r5NINEl0=
github.com/povsister/scp v0.0.0-20250701154629-777cf82de5df h1:zEgSHrxo8f6hGG1xCaqunfBq8hlfDmFd1JM0QXiQi7o=
github.com/povsister/scp v0.0.0-20250701154629-777cf82de5df/go.mod h1:CiJNEeV6v0tUCNul/+gTjl+FgjfImoiuptJB9AEzqjE=
github.com/russross/blackfriday/v2 v2.1.0 h1:JIOH55/0cWyOuilr9/qlrm0BSXldqnqwMsf35Ld67mk=
github.com/russross/blackfriday/v2 v2.1.0/go.mod h1:+Rmxgy9KzJVeS9/2gXHxylqXiyQDYRxCVz55jmeOWTM=
github.com/spf13/cobra v1.9.1 h1:CXSaggrXdbHK9CF+8ywj8Amf7PBRmPCOJugH954Nnlo=
github.com/spf13/cobra v1.9.1/go.mod h1:nDyEzZ8ogv936Cinf6g1RU9MRY64Ir93oCnqb9wxYW0=
github.com/spf13/pflag v1.0.6 h1:jFzHGLGAlb3ruxLB8MhbI6A8+AQX/2eW4qeyNZXNp2o=
github.com/spf13/pflag v1.0.6/go.mod h1:McXfInJRrz4CZXVZOBLb0bTZqETkiAhM9Iw0y3An2Bg=
golang.org/x/crypto v0.0.0-20210322153248-0c34fe9e7dc2/go.mod h1:T9bdIzuCu7OtxOm1hfPfRQxPLYneinmdGuTeoZ9dtd4=
golang.org/x/crypto v0.39.0 h1:SHs+kF4LP+f+p14esP5jAoDpHU8Gu/v9lFRK6IT5imM=
golang.org/x/crypto v0.39.0/go.mod h1:L+Xg3Wf6HoL4Bn4238Z6ft6KfEpN0tJGo53AAPC632U=
golang.org/x/net v0.0.0-20210226172049-e18ecbb05110/go.mod h1:m0MpNAwzfU5UDzcl9v0D8zg8gWTRqZa9RBIspLL5mdg=
golang.org/x/sys v0.0.0-20201119102817-f84b799fce68/go.mod h1:h1NjWce9XRLGQEsW7wpKNCjG9DtNlClVuFLEZdDNbEs=
golang.org/x/sys v0.1.0/go.mod h1:oPkhp1MJrh7nUepCBck5+mAzfO9JrbApNNgaTdGDITg=
golang.org/x/sys v0.33.0 h1:q3i8TbbEz+JRD9ywIRlyRAQbM0qF7hu24q3teo2hbuw=
golang.org/x/sys v0.33.0/go.mod h1:BJP2sWEmIv4KK5OTEluFJCKSidICx8ciO85XgH3Ak8k=
golang.org/x/term v0.0.0-20201126162022-7de9c90e9dd1/go.mod h1:bj7SfCRtBDWHUb9snDiAeCFNEtKQo2Wmx5Cou7ajbmo=
golang.org/x/term v0.32.0 h1:DR4lr0TjUs3epypdhTOkMmuF5CDFJ/8pOnbzMZPQ7bg=
golang.org/x/term v0.32.0/go.mod h1:uZG1FhGx848Sqfsq4/DlJr3xGGsYMu/L5GW4abiaEPQ=
golang.org/x/text v0.3.3/go.mod h1:5Zoc/QRtKVWzQhOtBMvqHzDpF6irO9z98xDceosuGiQ=
golang.org/x/tools v0.0.0-20180917221912-90fa682c2a6e/go.mod h1:n7NCudcB/nEzxVGmLbDWY5pfWTLqBcC2KZ6jyYvM4mQ=
gopkg.in/check.v1 v0.0.0-20161208181325-20d25e280405 h1:yhCVgyC4o1eVCa2tZl7eS0r+SDo693bJlVdllGtEeKM=
gopkg.in/check.v1 v0.0.0-20161208181325-20d25e280405/go.mod h1:Co6ibVJAznAaIkqp8huTwlJQCZ016jof/cbN4VW5Yz0=
gopkg.in/yaml.v3 v3.0.1 h1:fxVm/GzAzEWqLHuvctI91KS9hhNmmWOoWu0XTYJS7CA=
gopkg.in/yaml.v3 v3.0.1/go.mod h1:K4uyk7z7BCEPqu6E+C64Yfv1cQ7kz7rIZviUmN+EgEM=
